PODS:
  - BlueCapKit (0.6.0)
  - CryptoSwift (0.9.0)
  - RYUtils (4.4.0)
  - SVProgressHUD (2.2.5)

DEPENDENCIES:
  - BlueCapKit (~> 0.6.0)
  - CryptoSwift (~> 0.9.0)
  - RYUtils
  - SVProgressHUD

SPEC REPOS:
  https://github.com/CocoaPods/Specs.git:
    - BlueCapKit
    - CryptoSwift
    - RYUtils
    - SVProgressHUD

SPEC CHECKSUMS:
  BlueCapKit: 8c8c4764a9fcd7296ae2a491533bb8ec53f8f61f
  CryptoSwift: bca8c5b653dcc2d9734409242a070ff53bafac86
  RYUtils: 9138b39ffe17811e658f648b64cf67d8f609c762
  SVProgressHUD: 1428aafac632c1f86f62aa4243ec12008d7a51d6

PODFILE CHECKSUM: f06ee7241559b80e600620f56bae5807d4e44306

COCOAPODS: 1.5.0
